
Microsoft Visual Studio Solution File, Format Version 12.00
# Visual Studio Version 17
VisualStudioVersion = 17.0.31903.59
MinimumVisualStudioVersion = 10.0.40219.1
Project("{FAE04EC0-301F-11D3-BF4B-00C04F79EFBC}") = "Extensions.Configuration.Docker", "lib\Extensions.Configuration.Docker\Extensions.Configuration.Docker.csproj", "{EB8F7D2E-9030-4566-B245-ECA311C71710}"
EndProject
Project("{FAE04EC0-301F-11D3-BF4B-00C04F79EFBC}") = "Extensions.Configuration.Docker.Test", "test\Extensions.Configuration.Docker.Test\Extensions.Configuration.Docker.Test.csproj", "{FC6739FE-C616-4A8B-8420-F2562616BE93}"
EndProject
Global
	GlobalSection(SolutionConfigurationPlatforms) = preSolution
		Debug|Any CPU = Debug|Any CPU
		Debug|x64 = Debug|x64
		Debug|x86 = Debug|x86
		Release|Any CPU = Release|Any CPU
		Release|x64 = Release|x64
		Release|x86 = Release|x86
	EndGlobalSection
	GlobalSection(ProjectConfigurationPlatforms) = postSolution
		{EB8F7D2E-9030-4566-B245-ECA311C71710}.Debug|Any CPU.ActiveCfg = Debug|Any CPU
		{EB8F7D2E-9030-4566-B245-ECA311C71710}.Debug|Any CPU.Build.0 = Debug|Any CPU
		{EB8F7D2E-9030-4566-B245-ECA311C71710}.Debug|x64.ActiveCfg = Debug|Any CPU
		{EB8F7D2E-9030-4566-B245-ECA311C71710}.Debug|x64.Build.0 = Debug|Any CPU
		{EB8F7D2E-9030-4566-B245-ECA311C71710}.Debug|x86.ActiveCfg = Debug|Any CPU
		{EB8F7D2E-9030-4566-B245-ECA311C71710}.Debug|x86.Build.0 = Debug|Any CPU
		{EB8F7D2E-9030-4566-B245-ECA311C71710}.Release|Any CPU.ActiveCfg = Release|Any CPU
		{EB8F7D2E-9030-4566-B245-ECA311C71710}.Release|Any CPU.Build.0 = Release|Any CPU
		{EB8F7D2E-9030-4566-B245-ECA311C71710}.Release|x64.ActiveCfg = Release|Any CPU
		{EB8F7D2E-9030-4566-B245-ECA311C71710}.Release|x64.Build.0 = Release|Any CPU
		{EB8F7D2E-9030-4566-B245-ECA311C71710}.Release|x86.ActiveCfg = Release|Any CPU
		{EB8F7D2E-9030-4566-B245-ECA311C71710}.Release|x86.Build.0 = Release|Any CPU
		{FC6739FE-C616-4A8B-8420-F2562616BE93}.Debug|Any CPU.ActiveCfg = Debug|Any CPU
		{FC6739FE-C616-4A8B-8420-F2562616BE93}.Debug|Any CPU.Build.0 = Debug|Any CPU
		{FC6739FE-C616-4A8B-8420-F2562616BE93}.Debug|x64.ActiveCfg = Debug|Any CPU
		{FC6739FE-C616-4A8B-8420-F2562616BE93}.Debug|x64.Build.0 = Debug|Any CPU
		{FC6739FE-C616-4A8B-8420-F2562616BE93}.Debug|x86.ActiveCfg = Debug|Any CPU
		{FC6739FE-C616-4A8B-8420-F2562616BE93}.Debug|x86.Build.0 = Debug|Any CPU
		{FC6739FE-C616-4A8B-8420-F2562616BE93}.Release|Any CPU.ActiveCfg = Release|Any CPU
		{FC6739FE-C616-4A8B-8420-F2562616BE93}.Release|Any CPU.Build.0 = Release|Any CPU
		{FC6739FE-C616-4A8B-8420-F2562616BE93}.Release|x64.ActiveCfg = Release|Any CPU
		{FC6739FE-C616-4A8B-8420-F2562616BE93}.Release|x64.Build.0 = Release|Any CPU
		{FC6739FE-C616-4A8B-8420-F2562616BE93}.Release|x86.ActiveCfg = Release|Any CPU
		{FC6739FE-C616-4A8B-8420-F2562616BE93}.Release|x86.Build.0 = Release|Any CPU
	EndGlobalSection
	GlobalSection(SolutionProperties) = preSolution
		HideSolutionNode = FALSE
	EndGlobalSection
EndGlobal
